
Microsoft Visual Studio Solution File, Format Version 12.00
# Visual Studio Version 16
VisualStudioVersion = 16.0.29920.165
MinimumVisualStudioVersion = 10.0.40219.1
Project("{FAE04EC0-301F-11D3-BF4B-00C04F79EFBC}") = "Lab3OOP", "Lab3OOP.csproj", "{9C472B35-3344-4886-870F-827E0E47E0EC}"
EndProject
Global
	GlobalSection(SolutionConfigurationPlatforms) = preSolution
		Debug|Any CPU = Debug|Any CPU
		Release|Any CPU = Release|Any CPU
	EndGlobalSection
	GlobalSection(ProjectConfigurationPlatforms) = postSolution
		{9C472B35-3344-4886-870F-827E0E47E0EC}.Debug|Any CPU.ActiveCfg = Debug|Any CPU
		{9C472B35-3344-4886-870F-827E0E47E0EC}.Debug|Any CPU.Build.0 = Debug|Any CPU
		{9C472B35-3344-4886-870F-827E0E47E0EC}.Release|Any CPU.ActiveCfg = Release|Any CPU
		{9C472B35-3344-4886-870F-827E0E47E0EC}.Release|Any CPU.Build.0 = Release|Any CPU
	EndGlobalSection
	GlobalSection(SolutionProperties) = preSolution
		HideSolutionNode = FALSE
	EndGlobalSection
	GlobalSection(ExtensibilityGlobals) = postSolution
		SolutionGuid = {D7413215-8C0E-457F-A50D-F3A3BF781DCF}
	EndGlobalSection
EndGlobal
